
Microsoft Visual Studio Solution File, Format Version 12.00
# Visual Studio Version 16
VisualStudioVersion = 16.0.29418.71
MinimumVisualStudioVersion = 10.0.40219.1
Project("{FAE04EC0-301F-11D3-BF4B-00C04F79EFBC}") = "Amazon.ElastiCacheCluster.Core", "Amazon.ElastiCacheCluster.Core\Amazon.ElastiCacheCluster.Core.csproj", "{F7EE01E5-2A03-4DAA-9C10-4BC6864519C3}"
EndProject
Global
	GlobalSection(SolutionConfigurationPlatforms) = preSolution
		Debug|Any CPU = Debug|Any CPU
		Release|Any CPU = Release|Any CPU
	EndGlobalSection
	GlobalSection(ProjectConfigurationPlatforms) = postSolution
		{F7EE01E5-2A03-4DAA-9C10-4BC6864519C3}.Debug|Any CPU.ActiveCfg = Debug|Any CPU
		{F7EE01E5-2A03-4DAA-9C10-4BC6864519C3}.Debug|Any CPU.Build.0 = Debug|Any CPU
		{F7EE01E5-2A03-4DAA-9C10-4BC6864519C3}.Release|Any CPU.ActiveCfg = Release|Any CPU
		{F7EE01E5-2A03-4DAA-9C10-4BC6864519C3}.Release|Any CPU.Build.0 = Release|Any CPU
	EndGlobalSection
	GlobalSection(SolutionProperties) = preSolution
		HideSolutionNode = FALSE
	EndGlobalSection
	GlobalSection(ExtensibilityGlobals) = postSolution
		SolutionGuid = {FFCC3258-B594-449F-A86E-D0762DC3DD3D}
	EndGlobalSection
EndGlobal
